{
    "_meta": {
        "hash": {
            "sha256": "80363f54d85b75ac9855fd472e53812e0455cd3f0b56f576d6cb38faa00826f9"
        },
        "pipfile-spec": 6,
        "requires": {
            "python_version": "3.7"
        },
        "sources": [
            {
                "name": "pypi",
                "url": "https://pypi.org/simple",
                "verify_ssl": true
            }
        ]
    },
    "default": {},
    "develop": {
        "approvaltests": {
            "hashes": [
                "sha256:77bcfa60f975a48a378c96f61749d7943ecc27d486394896aa8536d93105d556"
            ],
            "index": "pypi",
            "version": "==0.2.6"
        },
        "pyperclip": {
            "hashes": [
                "sha256:a3cb6df5d8f1557ca8fc514d94fabf50dc5a97042c90e5ba4f3611864fed3fc5"
            ],
            "version": "==1.5.27"
        }
    }
}
